
Microsoft Visual Studio Solution File, Format Version 12.00
# Visual Studio Version 17
VisualStudioVersion = 17.2.32526.322
MinimumVisualStudioVersion = 10.0.40219.1
Project("{FAE04EC0-301F-11D3-BF4B-00C04F79EFBC}") = "Docker", "Docker\Docker.csproj", "{7A57ACAA-5276-4602-B693-17FAE8F5353E}"
EndProject
Project("{FAE04EC0-301F-11D3-BF4B-00C04F79EFBC}") = "Docker.Core", "Docker.Core\Docker.Core.csproj", "{C722EF49-8388-4517-AFAD-53FDB257FD8B}"
EndProject
Project("{FAE04EC0-301F-11D3-BF4B-00C04F79EFBC}") = "Docker.Infrastructure", "Docker.Infrastructure\Docker.Infrastructure.csproj", "{4DB6CFB4-EB5C-4371-B774-AD74C610DBE0}"
EndProject
Global
	GlobalSection(SolutionConfigurationPlatforms) = preSolution
		Debug|Any CPU = Debug|Any CPU
		Release|Any CPU = Release|Any CPU
	EndGlobalSection
	GlobalSection(ProjectConfigurationPlatforms) = postSolution
		{7A57ACAA-5276-4602-B693-17FAE8F5353E}.Debug|Any CPU.ActiveCfg = Debug|Any CPU
		{7A57ACAA-5276-4602-B693-17FAE8F5353E}.Debug|Any CPU.Build.0 = Debug|Any CPU
		{7A57ACAA-5276-4602-B693-17FAE8F5353E}.Release|Any CPU.ActiveCfg = Release|Any CPU
		{7A57ACAA-5276-4602-B693-17FAE8F5353E}.Release|Any CPU.Build.0 = Release|Any CPU
		{C722EF49-8388-4517-AFAD-53FDB257FD8B}.Debug|Any CPU.ActiveCfg = Debug|Any CPU
		{C722EF49-8388-4517-AFAD-53FDB257FD8B}.Debug|Any CPU.Build.0 = Debug|Any CPU
		{C722EF49-8388-4517-AFAD-53FDB257FD8B}.Release|Any CPU.ActiveCfg = Release|Any CPU
		{C722EF49-8388-4517-AFAD-53FDB257FD8B}.Release|Any CPU.Build.0 = Release|Any CPU
		{4DB6CFB4-EB5C-4371-B774-AD74C610DBE0}.Debug|Any CPU.ActiveCfg = Debug|Any CPU
		{4DB6CFB4-EB5C-4371-B774-AD74C610DBE0}.Debug|Any CPU.Build.0 = Debug|Any CPU
		{4DB6CFB4-EB5C-4371-B774-AD74C610DBE0}.Release|Any CPU.ActiveCfg = Release|Any CPU
		{4DB6CFB4-EB5C-4371-B774-AD74C610DBE0}.Release|Any CPU.Build.0 = Release|Any CPU
	EndGlobalSection
	GlobalSection(SolutionProperties) = preSolution
		HideSolutionNode = FALSE
	EndGlobalSection
	GlobalSection(ExtensibilityGlobals) = postSolution
		SolutionGuid = {877DFEC9-552F-4EBA-A0E6-1AEE3F4EC096}
	EndGlobalSection
EndGlobal
